
Microsoft Visual Studio Solution File, Format Version 12.00
# Visual Studio 2012
Project("{65aa5f49-50c5-47cb-a64f-259c436f015f}") = "Unit4", "Unit4\Unit4.csproj", "{4ef7f564-2a65-4222-81d6-26fce555f301}"
EndProject
Project("{4e61f52d-3352-4efb-9698-2c7d7a3c13b7}") = "Unit4.Automation.Tests", "Unit4.Automation.Tests\Unit4.Automation.Tests.csproj", "{0d2afd1a-ff03-452b-b822-c30a04468505}"
EndProject
Global
	GlobalSection(SolutionConfigurationPlatforms) = preSolution
		Debug|Any CPU = Debug|Any CPU
		Release|Any CPU = Release|Any CPU
	EndGlobalSection
	GlobalSection(ProjectConfigurationPlatforms) = postSolution
		{4ef7f564-2a65-4222-81d6-26fce555f301}.Debug|Any CPU.ActiveCfg = Debug|Any CPU
		{4ef7f564-2a65-4222-81d6-26fce555f301}.Debug|Any CPU.Build.0 = Debug|Any CPU
		{4ef7f564-2a65-4222-81d6-26fce555f301}.Release|Any CPU.ActiveCfg = Release|Any CPU
		{4ef7f564-2a65-4222-81d6-26fce555f301}.Release|Any CPU.Build.0 = Release|Any CPU
		{0d2afd1a-ff03-452b-b822-c30a04468505}.Debug|Any CPU.ActiveCfg = Debug|Any CPU
		{0d2afd1a-ff03-452b-b822-c30a04468505}.Debug|Any CPU.Build.0 = Debug|Any CPU
		{0d2afd1a-ff03-452b-b822-c30a04468505}.Release|Any CPU.ActiveCfg = Release|Any CPU
		{0d2afd1a-ff03-452b-b822-c30a04468505}.Release|Any CPU.Build.0 = Release|Any CPU
	EndGlobalSection
	GlobalSection(SolutionProperties) = preSolution
		HideSolutionNode = FALSE
	EndGlobalSection
EndGlobal
